
Microsoft Visual Studio Solution File, Format Version 12.00
# Visual Studio Version 16
VisualStudioVersion = 16.0.30523.141
MinimumVisualStudioVersion = 10.0.40219.1
Project("{FAE04EC0-301F-11D3-BF4B-00C04F79EFBC}") = "NC.NEWS.Messenger", "NC.NEWS.Messenger.csproj", "{28F8893D-A025-47FC-95D9-53BC054D55BE}"
EndProject
Project("{FAE04EC0-301F-11D3-BF4B-00C04F79EFBC}") = "NC.NEWS.Domain", "..\NC.NEWS.Domain\NC.NEWS.Domain.csproj", "{36CDE983-4847-498C-8B6F-794F983D624B}"
EndProject
Project("{FAE04EC0-301F-11D3-BF4B-00C04F79EFBC}") = "NC.NEWS.PersistenceStorage", "..\NC.NEWS.PersistenceStorage\NC.NEWS.PersistenceStorage.csproj", "{C09A0626-CA58-40EB-AB11-C81AE860299F}"
EndProject
Project("{FAE04EC0-301F-11D3-BF4B-00C04F79EFBC}") = "NC.NEWS.Exchange", "..\NC.NEWS.Exchange\NC.NEWS.Exchange.csproj", "{C0FF7A8E-738F-4706-AA7B-C1CE161DC93A}"
EndProject
Project("{FAE04EC0-301F-11D3-BF4B-00C04F79EFBC}") = "NC.NEWS.UnitTest", "..\NU.NEWS.UnitTest\NC.NEWS.UnitTest.csproj", "{273AD2F0-570A-47FE-AC3A-AD31DDFB9386}"
EndProject
Global
	GlobalSection(SolutionConfigurationPlatforms) = preSolution
		Debug|Any CPU = Debug|Any CPU
		Release|Any CPU = Release|Any CPU
	EndGlobalSection
	GlobalSection(ProjectConfigurationPlatforms) = postSolution
		{28F8893D-A025-47FC-95D9-53BC054D55BE}.Debug|Any CPU.ActiveCfg = Debug|Any CPU
		{28F8893D-A025-47FC-95D9-53BC054D55BE}.Debug|Any CPU.Build.0 = Debug|Any CPU
		{28F8893D-A025-47FC-95D9-53BC054D55BE}.Release|Any CPU.ActiveCfg = Release|Any CPU
		{28F8893D-A025-47FC-95D9-53BC054D55BE}.Release|Any CPU.Build.0 = Release|Any CPU
		{36CDE983-4847-498C-8B6F-794F983D624B}.Debug|Any CPU.ActiveCfg = Debug|Any CPU
		{36CDE983-4847-498C-8B6F-794F983D624B}.Debug|Any CPU.Build.0 = Debug|Any CPU
		{36CDE983-4847-498C-8B6F-794F983D624B}.Release|Any CPU.ActiveCfg = Release|Any CPU
		{36CDE983-4847-498C-8B6F-794F983D624B}.Release|Any CPU.Build.0 = Release|Any CPU
		{C09A0626-CA58-40EB-AB11-C81AE860299F}.Debug|Any CPU.ActiveCfg = Debug|Any CPU
		{C09A0626-CA58-40EB-AB11-C81AE860299F}.Debug|Any CPU.Build.0 = Debug|Any CPU
		{C09A0626-CA58-40EB-AB11-C81AE860299F}.Release|Any CPU.ActiveCfg = Release|Any CPU
		{C09A0626-CA58-40EB-AB11-C81AE860299F}.Release|Any CPU.Build.0 = Release|Any CPU
		{C0FF7A8E-738F-4706-AA7B-C1CE161DC93A}.Debug|Any CPU.ActiveCfg = Debug|Any CPU
		{C0FF7A8E-738F-4706-AA7B-C1CE161DC93A}.Debug|Any CPU.Build.0 = Debug|Any CPU
		{C0FF7A8E-738F-4706-AA7B-C1CE161DC93A}.Release|Any CPU.ActiveCfg = Release|Any CPU
		{C0FF7A8E-738F-4706-AA7B-C1CE161DC93A}.Release|Any CPU.Build.0 = Release|Any CPU
		{273AD2F0-570A-47FE-AC3A-AD31DDFB9386}.Debug|Any CPU.ActiveCfg = Debug|Any CPU
		{273AD2F0-570A-47FE-AC3A-AD31DDFB9386}.Debug|Any CPU.Build.0 = Debug|Any CPU
		{273AD2F0-570A-47FE-AC3A-AD31DDFB9386}.Release|Any CPU.ActiveCfg = Release|Any CPU
		{273AD2F0-570A-47FE-AC3A-AD31DDFB9386}.Release|Any CPU.Build.0 = Release|Any CPU
	EndGlobalSection
	GlobalSection(SolutionProperties) = preSolution
		HideSolutionNode = FALSE
	EndGlobalSection
	GlobalSection(ExtensibilityGlobals) = postSolution
		SolutionGuid = {0E4AD586-3428-4ACD-8C80-BC61DEB7F2DE}
	EndGlobalSection
EndGlobal
